
Microsoft Visual Studio Solution File, Format Version 12.00
# Visual Studio 15
VisualStudioVersion = 15.0.27130.2010
MinimumVisualStudioVersion = 10.0.40219.1
Project("{8BC9CEB8-8B4A-11D0-8D11-00A0C91BC942}") = "programming_project_1", "programming_project_1\programming_project_1.vcxproj", "{7C08B8A2-1575-4C8E-8CD5-B2A579572161}"
EndProject
Global
	GlobalSection(SolutionConfigurationPlatforms) = preSolution
		Debug|x64 = Debug|x64
		Debug|x86 = Debug|x86
		Release|x64 = Release|x64
		Release|x86 = Release|x86
	EndGlobalSection
	GlobalSection(ProjectConfigurationPlatforms) = postSolution
		{7C08B8A2-1575-4C8E-8CD5-B2A579572161}.Debug|x64.ActiveCfg = Debug|x64
		{7C08B8A2-1575-4C8E-8CD5-B2A579572161}.Debug|x64.Build.0 = Debug|x64
		{7C08B8A2-1575-4C8E-8CD5-B2A579572161}.Debug|x86.ActiveCfg = Debug|Win32
		{7C08B8A2-1575-4C8E-8CD5-B2A579572161}.Debug|x86.Build.0 = Debug|Win32
		{7C08B8A2-1575-4C8E-8CD5-B2A579572161}.Release|x64.ActiveCfg = Release|x64
		{7C08B8A2-1575-4C8E-8CD5-B2A579572161}.Release|x64.Build.0 = Release|x64
		{7C08B8A2-1575-4C8E-8CD5-B2A579572161}.Release|x86.ActiveCfg = Release|Win32
		{7C08B8A2-1575-4C8E-8CD5-B2A579572161}.Release|x86.Build.0 = Release|Win32
	EndGlobalSection
	GlobalSection(SolutionProperties) = preSolution
		HideSolutionNode = FALSE
	EndGlobalSection
	GlobalSection(ExtensibilityGlobals) = postSolution
		SolutionGuid = {F572B685-296A-4664-ABB7-A060AFE9B1C6}
	EndGlobalSection
EndGlobal
